
Microsoft Visual Studio Solution File, Format Version 12.00
# Visual Studio 15
VisualStudioVersion = 15.0.28010.2016
MinimumVisualStudioVersion = 10.0.40219.1
Project("{FAE04EC0-301F-11D3-BF4B-00C04F79EFBC}") = "Laba_9_Zozulia_Roman", "Laba_9_Zozulia_Roman\Laba_9_Zozulia_Roman.csproj", "{DE27BF26-C522-4D80-A84A-E0BE884E5594}"
EndProject
Global
	GlobalSection(SolutionConfigurationPlatforms) = preSolution
		Debug|Any CPU = Debug|Any CPU
		Release|Any CPU = Release|Any CPU
	EndGlobalSection
	GlobalSection(ProjectConfigurationPlatforms) = postSolution
		{DE27BF26-C522-4D80-A84A-E0BE884E5594}.Debug|Any CPU.ActiveCfg = Debug|Any CPU
		{DE27BF26-C522-4D80-A84A-E0BE884E5594}.Debug|Any CPU.Build.0 = Debug|Any CPU
		{DE27BF26-C522-4D80-A84A-E0BE884E5594}.Release|Any CPU.ActiveCfg = Release|Any CPU
		{DE27BF26-C522-4D80-A84A-E0BE884E5594}.Release|Any CPU.Build.0 = Release|Any CPU
	EndGlobalSection
	GlobalSection(SolutionProperties) = preSolution
		HideSolutionNode = FALSE
	EndGlobalSection
	GlobalSection(ExtensibilityGlobals) = postSolution
		SolutionGuid = {525CA45C-55BB-489A-849C-20F04B5E73A6}
	EndGlobalSection
EndGlobal
